// !$*UTF8*$!
{
	archiveVersion = 1;
	classes = {
	};
	objectVersion = 46;
	objects = {

/* Begin PBXBuildFile section */
		2B45E8201AF52EA700A21C98 /* UIView+ProjectAdditions.m in Sources */ = {isa = PBXBuildFile; fileRef = 2B45E81F1AF52EA600A21C98 /* UIView+ProjectAdditions.m */; };
		2B4D80611AF516C800C8D791 /* VenueMiniInfoViewController.m in Sources */ = {isa = PBXBuildFile; fileRef = 2B4D805F1AF516C800C8D791 /* VenueMiniInfoViewController.m */; };
		2B4D80621AF516C800C8D791 /* VenueMiniInfoViewController.xib in Resources */ = {isa = PBXBuildFile; fileRef = 2B4D80601AF516C800C8D791 /* VenueMiniInfoViewController.xib */; };
		2B545C821AF0243C00C4B864 /* main.m in Sources */ = {isa = PBXBuildFile; fileRef = 2B545C811AF0243C00C4B864 /* main.m */; };
		2B545C851AF0243C00C4B864 /* AppDelegate.m in Sources */ = {isa = PBXBuildFile; fileRef = 2B545C841AF0243C00C4B864 /* AppDelegate.m */; };
		2B545C8D1AF0243C00C4B864 /* Images.xcassets in Resources */ = {isa = PBXBuildFile; fileRef = 2B545C8C1AF0243C00C4B864 /* Images.xcassets */; };
		2B545C901AF0243C00C4B864 /* LaunchScreen.xib in Resources */ = {isa = PBXBuildFile; fileRef = 2B545C8E1AF0243C00C4B864 /* LaunchScreen.xib */; };
		2B545C9C1AF0243D00C4B864 /* SingleViewLocationAppTests.m in Sources */ = {isa = PBXBuildFile; fileRef = 2B545C9B1AF0243D00C4B864 /* SingleViewLocationAppTests.m */; };
		2B545CB71AF0256F00C4B864 /* ProjectNavigationController.m in Sources */ = {isa = PBXBuildFile; fileRef = 2B545CB31AF0256F00C4B864 /* ProjectNavigationController.m */; };
		2B545CB81AF0256F00C4B864 /* ProjectViewController.m in Sources */ = {isa = PBXBuildFile; fileRef = 2B545CB61AF0256F00C4B864 /* ProjectViewController.m */; };
		2B545CBB1AF0257F00C4B864 /* ProjectLocationManager.m in Sources */ = {isa = PBXBuildFile; fileRef = 2B545CBA1AF0257F00C4B864 /* ProjectLocationManager.m */; };
		2B545CBD1AF0259000C4B864 /* CoreLocation.framework in Frameworks */ = {isa = PBXBuildFile; fileRef = 2B545CBC1AF0259000C4B864 /* CoreLocation.framework */; };
		2B545CCD1AF026C200C4B864 /* NSString+ProjectAdditions.m in Sources */ = {isa = PBXBuildFile; fileRef = 2B545CC91AF026C200C4B864 /* NSString+ProjectAdditions.m */; };
		2B545CCE1AF026C200C4B864 /* UIViewController+ProjectAdditions.m in Sources */ = {isa = PBXBuildFile; fileRef = 2B545CCC1AF026C200C4B864 /* UIViewController+ProjectAdditions.m */; };
		2B545CD11AF026CE00C4B864 /* NSString+Translations.m in Sources */ = {isa = PBXBuildFile; fileRef = 2B545CD01AF026CE00C4B864 /* NSString+Translations.m */; };
		2B545CD51AF026F500C4B864 /* UIApplication+ProjectAdditions.m in Sources */ = {isa = PBXBuildFile; fileRef = 2B545CD41AF026F500C4B864 /* UIApplication+ProjectAdditions.m */; };
		2B545CDA1AF0275200C4B864 /* AllVenuesMapViewController.m in Sources */ = {isa = PBXBuildFile; fileRef = 2B545CD81AF0275200C4B864 /* AllVenuesMapViewController.m */; };
		2B545CDB1AF0275200C4B864 /* AllVenuesMapViewController.xib in Resources */ = {isa = PBXBuildFile; fileRef = 2B545CD91AF0275200C4B864 /* AllVenuesMapViewController.xib */; };
		2B545CE11AF032C400C4B864 /* AVFoundation.framework in Frameworks */ = {isa = PBXBuildFile; fileRef = 2B545CE01AF032C400C4B864 /* AVFoundation.framework */; };
		2B545CE31AF032C800C4B864 /* CoreData.framework in Frameworks */ = {isa = PBXBuildFile; fileRef = 2B545CE21AF032C800C4B864 /* CoreData.framework */; };
		2B545CE51AF032D000C4B864 /* CoreText.framework in Frameworks */ = {isa = PBXBuildFile; fileRef = 2B545CE41AF032D000C4B864 /* CoreText.framework */; };
		2B545CE71AF032D900C4B864 /* GLKit.framework in Frameworks */ = {isa = PBXBuildFile; fileRef = 2B545CE61AF032D900C4B864 /* GLKit.framework */; };
		2B545CE91AF032DC00C4B864 /* ImageIO.framework in Frameworks */ = {isa = PBXBuildFile; fileRef = 2B545CE81AF032DC00C4B864 /* ImageIO.framework */; };
		2B545CEB1AF032EC00C4B864 /* libc++.dylib in Frameworks */ = {isa = PBXBuildFile; fileRef = 2B545CEA1AF032EC00C4B864 /* libc++.dylib */; };
		2B545CED1AF032F600C4B864 /* libicucore.dylib in Frameworks */ = {isa = PBXBuildFile; fileRef = 2B545CEC1AF032F600C4B864 /* libicucore.dylib */; };
		2B545CEF1AF032FF00C4B864 /* libz.dylib in Frameworks */ = {isa = PBXBuildFile; fileRef = 2B545CEE1AF032FF00C4B864 /* libz.dylib */; };
		2B545CF11AF0330600C4B864 /* OpenGLES.framework in Frameworks */ = {isa = PBXBuildFile; fileRef = 2B545CF01AF0330600C4B864 /* OpenGLES.framework */; };
		2B545CF31AF0330E00C4B864 /* QuartzCore.framework in Frameworks */ = {isa = PBXBuildFile; fileRef = 2B545CF21AF0330E00C4B864 /* QuartzCore.framework */; };
		2B545CF51AF0331200C4B864 /* SystemConfiguration.framework in Frameworks */ = {isa = PBXBuildFile; fileRef = 2B545CF41AF0331200C4B864 /* SystemConfiguration.framework */; };
		2B545CF91AF033EE00C4B864 /* ProjectGoogleMapsManager.m in Sources */ = {isa = PBXBuildFile; fileRef = 2B545CF81AF033EE00C4B864 /* ProjectGoogleMapsManager.m */; };
		2B545D011AF034AE00C4B864 /* SingleViewLocationAppGoogleMapsManager.m in Sources */ = {isa = PBXBuildFile; fileRef = 2B545D001AF034AE00C4B864 /* SingleViewLocationAppGoogleMapsManager.m */; };
		2B545D051AF035E300C4B864 /* GoogleMapsProjectGeocoder.m in Sources */ = {isa = PBXBuildFile; fileRef = 2B545D041AF035E300C4B864 /* GoogleMapsProjectGeocoder.m */; };
		2B545D0B1AF03EA000C4B864 /* NSObject+ProjectAdditions.m in Sources */ = {isa = PBXBuildFile; fileRef = 2B545D0A1AF03EA000C4B864 /* NSObject+ProjectAdditions.m */; };
		2B545D0E1AF042BF00C4B864 /* GoogleMaps.framework in Frameworks */ = {isa = PBXBuildFile; fileRef = 2B545D0D1AF042BF00C4B864 /* GoogleMaps.framework */; };
		2B545D101AF042E400C4B864 /* GoogleMaps.bundle in Resources */ = {isa = PBXBuildFile; fileRef = 2B545D0F1AF042E400C4B864 /* GoogleMaps.bundle */; };
		2B5E80D71AF3CAFD0060797A /* Colors.plist in Resources */ = {isa = PBXBuildFile; fileRef = 2B5E80D61AF3CAFD0060797A /* Colors.plist */; };
		2B5E80DB1AF3CC8F0060797A /* GraphicsProxy.m in Sources */ = {isa = PBXBuildFile; fileRef = 2B5E80DA1AF3CC8F0060797A /* GraphicsProxy.m */; };
		2B5E80DF1AF3CCC60060797A /* ProjectGraphicsProxy.m in Sources */ = {isa = PBXBuildFile; fileRef = 2B5E80DE1AF3CCC60060797A /* ProjectGraphicsProxy.m */; };
		2B5E80E31AF3D8E70060797A /* UIView+GraphicsProxy.m in Sources */ = {isa = PBXBuildFile; fileRef = 2B5E80E21AF3D8E70060797A /* UIView+GraphicsProxy.m */; };
		2BFC39D61AF3F12400B42369 /* VenueAnnotationView.m in Sources */ = {isa = PBXBuildFile; fileRef = 2BFC39D51AF3F12400B42369 /* VenueAnnotationView.m */; };
		2BFC39DA1AF3F1AB00B42369 /* ProjectAnnotationView.m in Sources */ = {isa = PBXBuildFile; fileRef = 2BFC39D91AF3F1AB00B42369 /* ProjectAnnotationView.m */; };
		2BFC3A071AF3FF0200B42369 /* UserLocationAnnotationView.m in Sources */ = {isa = PBXBuildFile; fileRef = 2BFC3A061AF3FF0200B42369 /* UserLocationAnnotationView.m */; };
		2BFE8B941AF1792700E331AE /* BZFoursquare.m in Sources */ = {isa = PBXBuildFile; fileRef = 2BFE8B911AF1792700E331AE /* BZFoursquare.m */; settings = {COMPILER_FLAGS = "-fno-objc-arc"; }; };
		2BFE8B951AF1792700E331AE /* BZFoursquareRequest.m in Sources */ = {isa = PBXBuildFile; fileRef = 2BFE8B931AF1792700E331AE /* BZFoursquareRequest.m */; settings = {COMPILER_FLAGS = "-fno-objc-arc"; }; };
		2BFE8BA11AF1794900E331AE /* FourSquareDataSource.m in Sources */ = {isa = PBXBuildFile; fileRef = 2BFE8B971AF1794900E331AE /* FourSquareDataSource.m */; };
		2BFE8BA21AF1794900E331AE /* FourSquareObject.m in Sources */ = {isa = PBXBuildFile; fileRef = 2BFE8B991AF1794900E331AE /* FourSquareObject.m */; };
		2BFE8BA31AF1794900E331AE /* ProjectFourSquareDataSource.m in Sources */ = {isa = PBXBuildFile; fileRef = 2BFE8B9B1AF1794900E331AE /* ProjectFourSquareDataSource.m */; };
		2BFE8BA41AF1794900E331AE /* Venue.m in Sources */ = {isa = PBXBuildFile; fileRef = 2BFE8B9E1AF1794900E331AE /* Venue.m */; };
		2BFE8BA51AF1794900E331AE /* VenueDataSource.m in Sources */ = {isa = PBXBuildFile; fileRef = 2BFE8BA01AF1794900E331AE /* VenueDataSource.m */; };
		2BFE8BA91AF19BB500E331AE /* Akadimias20.gpx in Resources */ = {isa = PBXBuildFile; fileRef = 2BFE8BA81AF19BB500E331AE /* Akadimias20.gpx */; };
/* End PBXBuildFile section */

/* Begin PBXContainerItemProxy section */
		2B545C961AF0243D00C4B864 /* PBXContainerItemProxy */ = {
			isa = PBXContainerItemProxy;
			containerPortal = 2B545C741AF0243C00C4B864 /* Project object */;
			proxyType = 1;
			remoteGlobalIDString = 2B545C7B1AF0243C00C4B864;
			remoteInfo = SingleViewLocationApp;
		};
/* End PBXContainerItemProxy section */

/* Begin PBXFileReference section */
		2B45E81E1AF52EA600A21C98 /* UIView+ProjectAdditions.h */ = {isa = PBXFileReference; fileEncoding = 4; lastKnownFileType = sourcecode.c.h; path = "UIView+ProjectAdditions.h"; sourceTree = "<group>"; };
		2B45E81F1AF52EA600A21C98 /* UIView+ProjectAdditions.m */ = {isa = PBXFileReference; fileEncoding = 4; lastKnownFileType = sourcecode.c.objc; path = "UIView+ProjectAdditions.m"; sourceTree = "<group>"; };
		2B4D805E1AF516C800C8D791 /* VenueMiniInfoViewController.h */ = {isa = PBXFileReference; fileEncoding = 4; lastKnownFileType = sourcecode.c.h; path = VenueMiniInfoViewController.h; sourceTree = "<group>"; };
		2B4D805F1AF516C800C8D791 /* VenueMiniInfoViewController.m */ = {isa = PBXFileReference; fileEncoding = 4; lastKnownFileType = sourcecode.c.objc; path = VenueMiniInfoViewController.m; sourceTree = "<group>"; };
		2B4D80601AF516C800C8D791 /* VenueMiniInfoViewController.xib */ = {isa = PBXFileReference; fileEncoding = 4; lastKnownFileType = file.xib; path = VenueMiniInfoViewController.xib; sourceTree = "<group>"; };
		2B545C7C1AF0243C00C4B864 /* SingleViewLocationApp.app */ = {isa = PBXFileReference; explicitFileType = wrapper.application; includeInIndex = 0; path = SingleViewLocationApp.app; sourceTree = BUILT_PRODUCTS_DIR; };
		2B545C801AF0243C00C4B864 /* Info.plist */ = {isa = PBXFileReference; lastKnownFileType = text.plist.xml; path = Info.plist; sourceTree = "<group>"; };
		2B545C811AF0243C00C4B864 /* main.m */ = {isa = PBXFileReference; lastKnownFileType = sourcecode.c.objc; path = main.m; sourceTree = "<group>"; };
		2B545C831AF0243C00C4B864 /* AppDelegate.h */ = {isa = PBXFileReference; lastKnownFileType = sourcecode.c.h; path = AppDelegate.h; sourceTree = "<group>"; };
		2B545C841AF0243C00C4B864 /* AppDelegate.m */ = {isa = PBXFileReference; lastKnownFileType = sourcecode.c.objc; path = AppDelegate.m; sourceTree = "<group>"; };
		2B545C8C1AF0243C00C4B864 /* Images.xcassets */ = {isa = PBXFileReference; lastKnownFileType = folder.assetcatalog; path = Images.xcassets; sourceTree = "<group>"; };
		2B545C8F1AF0243C00C4B864 /* Base */ = {isa = PBXFileReference; lastKnownFileType = file.xib; name = Base; path = Base.lproj/LaunchScreen.xib; sourceTree = "<group>"; };
		2B545C951AF0243D00C4B864 /* SingleViewLocationAppTests.xctest */ = {isa = PBXFileReference; explicitFileType = wrapper.cfbundle; includeInIndex = 0; path = SingleViewLocationAppTests.xctest; sourceTree = BUILT_PRODUCTS_DIR; };
		2B545C9A1AF0243D00C4B864 /* Info.plist */ = {isa = PBXFileReference; lastKnownFileType = text.plist.xml; path = Info.plist; sourceTree = "<group>"; };
		2B545C9B1AF0243D00C4B864 /* SingleViewLocationAppTests.m */ = {isa = PBXFileReference; lastKnownFileType = sourcecode.c.objc; path = SingleViewLocationAppTests.m; sourceTree = "<group>"; };
		2B545CB21AF0256F00C4B864 /* ProjectNavigationController.h */ = {isa = PBXFileReference; fileEncoding = 4; lastKnownFileType = sourcecode.c.h; path = ProjectNavigationController.h; sourceTree = "<group>"; };
		2B545CB31AF0256F00C4B864 /* ProjectNavigationController.m */ = {isa = PBXFileReference; fileEncoding = 4; lastKnownFileType = sourcecode.c.objc; path = ProjectNavigationController.m; sourceTree = "<group>"; };
		2B545CB51AF0256F00C4B864 /* ProjectViewController.h */ = {isa = PBXFileReference; fileEncoding = 4; lastKnownFileType = sourcecode.c.h; path = ProjectViewController.h; sourceTree = "<group>"; };
		2B545CB61AF0256F00C4B864 /* ProjectViewController.m */ = {isa = PBXFileReference; fileEncoding = 4; lastKnownFileType = sourcecode.c.objc; path = ProjectViewController.m; sourceTree = "<group>"; };
		2B545CB91AF0257F00C4B864 /* ProjectLocationManager.h */ = {isa = PBXFileReference; fileEncoding = 4; lastKnownFileType = sourcecode.c.h; path = ProjectLocationManager.h; sourceTree = "<group>"; };
		2B545CBA1AF0257F00C4B864 /* ProjectLocationManager.m */ = {isa = PBXFileReference; fileEncoding = 4; lastKnownFileType = sourcecode.c.objc; path = ProjectLocationManager.m; sourceTree = "<group>"; };
		2B545CBC1AF0259000C4B864 /* CoreLocation.framework */ = {isa = PBXFileReference; lastKnownFileType = wrapper.framework; name = CoreLocation.framework; path = System/Library/Frameworks/CoreLocation.framework; sourceTree = SDKROOT; };
		2B545CC81AF026C200C4B864 /* NSString+ProjectAdditions.h */ = {isa = PBXFileReference; fileEncoding = 4; lastKnownFileType = sourcecode.c.h; path = "NSString+ProjectAdditions.h"; sourceTree = "<group>"; };
		2B545CC91AF026C200C4B864 /* NSString+ProjectAdditions.m */ = {isa = PBXFileReference; fileEncoding = 4; lastKnownFileType = sourcecode.c.objc; path = "NSString+ProjectAdditions.m"; sourceTree = "<group>"; };
		2B545CCB1AF026C200C4B864 /* UIViewController+ProjectAdditions.h */ = {isa = PBXFileReference; fileEncoding = 4; lastKnownFileType = sourcecode.c.h; path = "UIViewController+ProjectAdditions.h"; sourceTree = "<group>"; };
		2B545CCC1AF026C200C4B864 /* UIViewController+ProjectAdditions.m */ = {isa = PBXFileReference; fileEncoding = 4; lastKnownFileType = sourcecode.c.objc; path = "UIViewController+ProjectAdditions.m"; sourceTree = "<group>"; };
		2B545CCF1AF026CE00C4B864 /* NSString+Translations.h */ = {isa = PBXFileReference; fileEncoding = 4; lastKnownFileType = sourcecode.c.h; path = "NSString+Translations.h"; sourceTree = "<group>"; };
		2B545CD01AF026CE00C4B864 /* NSString+Translations.m */ = {isa = PBXFileReference; fileEncoding = 4; lastKnownFileType = sourcecode.c.objc; path = "NSString+Translations.m"; sourceTree = "<group>"; };
		2B545CD31AF026F500C4B864 /* UIApplication+ProjectAdditions.h */ = {isa = PBXFileReference; fileEncoding = 4; lastKnownFileType = sourcecode.c.h; path = "UIApplication+ProjectAdditions.h"; sourceTree = "<group>"; };
		2B545CD41AF026F500C4B864 /* UIApplication+ProjectAdditions.m */ = {isa = PBXFileReference; fileEncoding = 4; lastKnownFileType = sourcecode.c.objc; path = "UIApplication+ProjectAdditions.m"; sourceTree = "<group>"; };
		2B545CD71AF0275200C4B864 /* AllVenuesMapViewController.h */ = {isa = PBXFileReference; fileEncoding = 4; lastKnownFileType = sourcecode.c.h; path = AllVenuesMapViewController.h; sourceTree = "<group>"; };
		2B545CD81AF0275200C4B864 /* AllVenuesMapViewController.m */ = {isa = PBXFileReference; fileEncoding = 4; lastKnownFileType = sourcecode.c.objc; path = AllVenuesMapViewController.m; sourceTree = "<group>"; };
		2B545CD91AF0275200C4B864 /* AllVenuesMapViewController.xib */ = {isa = PBXFileReference; fileEncoding = 4; lastKnownFileType = file.xib; path = AllVenuesMapViewController.xib; sourceTree = "<group>"; };
		2B545CE01AF032C400C4B864 /* AVFoundation.framework */ = {isa = PBXFileReference; lastKnownFileType = wrapper.framework; name = AVFoundation.framework; path = System/Library/Frameworks/AVFoundation.framework; sourceTree = SDKROOT; };
		2B545CE21AF032C800C4B864 /* CoreData.framework */ = {isa = PBXFileReference; lastKnownFileType = wrapper.framework; name = CoreData.framework; path = System/Library/Frameworks/CoreData.framework; sourceTree = SDKROOT; };
		2B545CE41AF032D000C4B864 /* CoreText.framework */ = {isa = PBXFileReference; lastKnownFileType = wrapper.framework; name = CoreText.framework; path = System/Library/Frameworks/CoreText.framework; sourceTree = SDKROOT; };
		2B545CE61AF032D900C4B864 /* GLKit.framework */ = {isa = PBXFileReference; lastKnownFileType = wrapper.framework; name = GLKit.framework; path = System/Library/Frameworks/GLKit.framework; sourceTree = SDKROOT; };
		2B545CE81AF032DC00C4B864 /* ImageIO.framework */ = {isa = PBXFileReference; lastKnownFileType = wrapper.framework; name = ImageIO.framework; path = System/Library/Frameworks/ImageIO.framework; sourceTree = SDKROOT; };
		2B545CEA1AF032EC00C4B864 /* libc++.dylib */ = {isa = PBXFileReference; lastKnownFileType = "compiled.mach-o.dylib"; name = "libc++.dylib"; path = "usr/lib/libc++.dylib"; sourceTree = SDKROOT; };
		2B545CEC1AF032F600C4B864 /* libicucore.dylib */ = {isa = PBXFileReference; lastKnownFileType = "compiled.mach-o.dylib"; name = libicucore.dylib; path = usr/lib/libicucore.dylib; sourceTree = SDKROOT; };
		2B545CEE1AF032FF00C4B864 /* libz.dylib */ = {isa = PBXFileReference; lastKnownFileType = "compiled.mach-o.dylib"; name = libz.dylib; path = usr/lib/libz.dylib; sourceTree = SDKROOT; };
		2B545CF01AF0330600C4B864 /* OpenGLES.framework */ = {isa = PBXFileReference; lastKnownFileType = wrapper.framework; name = OpenGLES.framework; path = System/Library/Frameworks/OpenGLES.framework; sourceTree = SDKROOT; };
		2B545CF21AF0330E00C4B864 /* QuartzCore.framework */ = {isa = PBXFileReference; lastKnownFileType = wrapper.framework; name = QuartzCore.framework; path = System/Library/Frameworks/QuartzCore.framework; sourceTree = SDKROOT; };
		2B545CF41AF0331200C4B864 /* SystemConfiguration.framework */ = {isa = PBXFileReference; lastKnownFileType = wrapper.framework; name = SystemConfiguration.framework; path = System/Library/Frameworks/SystemConfiguration.framework; sourceTree = SDKROOT; };
		2B545CF71AF033EE00C4B864 /* ProjectGoogleMapsManager.h */ = {isa = PBXFileReference; fileEncoding = 4; lastKnownFileType = sourcecode.c.h; path = ProjectGoogleMapsManager.h; sourceTree = "<group>"; };
		2B545CF81AF033EE00C4B864 /* ProjectGoogleMapsManager.m */ = {isa = PBXFileReference; fileEncoding = 4; lastKnownFileType = sourcecode.c.objc; path = ProjectGoogleMapsManager.m; sourceTree = "<group>"; };
		2B545CFF1AF034AE00C4B864 /* SingleViewLocationAppGoogleMapsManager.h */ = {isa = PBXFileReference; fileEncoding = 4; lastKnownFileType = sourcecode.c.h; path = SingleViewLocationAppGoogleMapsManager.h; sourceTree = "<group>"; };
		2B545D001AF034AE00C4B864 /* SingleViewLocationAppGoogleMapsManager.m */ = {isa = PBXFileReference; fileEncoding = 4; lastKnownFileType = sourcecode.c.objc; path = SingleViewLocationAppGoogleMapsManager.m; sourceTree = "<group>"; };
		2B545D031AF035E300C4B864 /* GoogleMapsProjectGeocoder.h */ = {isa = PBXFileReference; fileEncoding = 4; lastKnownFileType = sourcecode.c.h; path = GoogleMapsProjectGeocoder.h; sourceTree = "<group>"; };
		2B545D041AF035E300C4B864 /* GoogleMapsProjectGeocoder.m */ = {isa = PBXFileReference; fileEncoding = 4; lastKnownFileType = sourcecode.c.objc; path = GoogleMapsProjectGeocoder.m; sourceTree = "<group>"; };
		2B545D091AF03EA000C4B864 /* NSObject+ProjectAdditions.h */ = {isa = PBXFileReference; fileEncoding = 4; lastKnownFileType = sourcecode.c.h; path = "NSObject+ProjectAdditions.h"; sourceTree = "<group>"; };
		2B545D0A1AF03EA000C4B864 /* NSObject+ProjectAdditions.m */ = {isa = PBXFileReference; fileEncoding = 4; lastKnownFileType = sourcecode.c.objc; path = "NSObject+ProjectAdditions.m"; sourceTree = "<group>"; };
		2B545D0D1AF042BF00C4B864 /* GoogleMaps.framework */ = {isa = PBXFileReference; lastKnownFileType = wrapper.framework; path = GoogleMaps.framework; sourceTree = "<group>"; };
		2B545D0F1AF042E400C4B864 /* GoogleMaps.bundle */ = {isa = PBXFileReference; lastKnownFileType = "wrapper.plug-in"; name = GoogleMaps.bundle; path = GoogleMaps.framework/Versions/A/Resources/GoogleMaps.bundle; sourceTree = "<group>"; };
		2B5E80D61AF3CAFD0060797A /* Colors.plist */ = {isa = PBXFileReference; fileEncoding = 4; lastKnownFileType = text.plist.xml; path = Colors.plist; sourceTree = "<group>"; };
		2B5E80D91AF3CC8F0060797A /* GraphicsProxy.h */ = {isa = PBXFileReference; fileEncoding = 4; lastKnownFileType = sourcecode.c.h; path = GraphicsProxy.h; sourceTree = "<group>"; };
		2B5E80DA1AF3CC8F0060797A /* GraphicsProxy.m */ = {isa = PBXFileReference; fileEncoding = 4; lastKnownFileType = sourcecode.c.objc; path = GraphicsProxy.m; sourceTree = "<group>"; };
		2B5E80DD1AF3CCC60060797A /* ProjectGraphicsProxy.h */ = {isa = PBXFileReference; fileEncoding = 4; lastKnownFileType = sourcecode.c.h; path = ProjectGraphicsProxy.h; sourceTree = "<group>"; };
		2B5E80DE1AF3CCC60060797A /* ProjectGraphicsProxy.m */ = {isa = PBXFileReference; fileEncoding = 4; lastKnownFileType = sourcecode.c.objc; path = ProjectGraphicsProxy.m; sourceTree = "<group>"; };
		2B5E80E11AF3D8E70060797A /* UIView+GraphicsProxy.h */ = {isa = PBXFileReference; fileEncoding = 4; lastKnownFileType = sourcecode.c.h; path = "UIView+GraphicsProxy.h"; sourceTree = "<group>"; };
		2B5E80E21AF3D8E70060797A /* UIView+GraphicsProxy.m */ = {isa = PBXFileReference; fileEncoding = 4; lastKnownFileType = sourcecode.c.objc; path = "UIView+GraphicsProxy.m"; sourceTree = "<group>"; };
		2BFC39D41AF3F12400B42369 /* VenueAnnotationView.h */ = {isa = PBXFileReference; fileEncoding = 4; lastKnownFileType = sourcecode.c.h; path = VenueAnnotationView.h; sourceTree = "<group>"; };
		2BFC39D51AF3F12400B42369 /* VenueAnnotationView.m */ = {isa = PBXFileReference; fileEncoding = 4; lastKnownFileType = sourcecode.c.objc; path = VenueAnnotationView.m; sourceTree = "<group>"; };
		2BFC39D81AF3F1AB00B42369 /* ProjectAnnotationView.h */ = {isa = PBXFileReference; fileEncoding = 4; lastKnownFileType = sourcecode.c.h; path = ProjectAnnotationView.h; sourceTree = "<group>"; };
		2BFC39D91AF3F1AB00B42369 /* ProjectAnnotationView.m */ = {isa = PBXFileReference; fileEncoding = 4; lastKnownFileType = sourcecode.c.objc; path = ProjectAnnotationView.m; sourceTree = "<group>"; };
		2BFC3A051AF3FF0200B42369 /* UserLocationAnnotationView.h */ = {isa = PBXFileReference; fileEncoding = 4; lastKnownFileType = sourcecode.c.h; path = UserLocationAnnotationView.h; sourceTree = "<group>"; };
		2BFC3A061AF3FF0200B42369 /* UserLocationAnnotationView.m */ = {isa = PBXFileReference; fileEncoding = 4; lastKnownFileType = sourcecode.c.objc; path = UserLocationAnnotationView.m; sourceTree = "<group>"; };
		2BFE8B901AF1792700E331AE /* BZFoursquare.h */ = {isa = PBXFileReference; fileEncoding = 4; lastKnownFileType = sourcecode.c.h; path = BZFoursquare.h; sourceTree = "<group>"; };
		2BFE8B911AF1792700E331AE /* BZFoursquare.m */ = {isa = PBXFileReference; fileEncoding = 4; lastKnownFileType = sourcecode.c.objc; path = BZFoursquare.m; sourceTree = "<group>"; };
		2BFE8B921AF1792700E331AE /* BZFoursquareRequest.h */ = {isa = PBXFileReference; fileEncoding = 4; lastKnownFileType = sourcecode.c.h; path = BZFoursquareRequest.h; sourceTree = "<group>"; };
		2BFE8B931AF1792700E331AE /* BZFoursquareRequest.m */ = {isa = PBXFileReference; fileEncoding = 4; lastKnownFileType = sourcecode.c.objc; path = BZFoursquareRequest.m; sourceTree = "<group>"; };
		2BFE8B961AF1794900E331AE /* FourSquareDataSource.h */ = {isa = PBXFileReference; fileEncoding = 4; lastKnownFileType = sourcecode.c.h; path = FourSquareDataSource.h; sourceTree = "<group>"; };
		2BFE8B971AF1794900E331AE /* FourSquareDataSource.m */ = {isa = PBXFileReference; fileEncoding = 4; lastKnownFileType = sourcecode.c.objc; path = FourSquareDataSource.m; sourceTree = "<group>"; };
		2BFE8B981AF1794900E331AE /* FourSquareObject.h */ = {isa = PBXFileReference; fileEncoding = 4; lastKnownFileType = sourcecode.c.h; path = FourSquareObject.h; sourceTree = "<group>"; };
		2BFE8B991AF1794900E331AE /* FourSquareObject.m */ = {isa = PBXFileReference; fileEncoding = 4; lastKnownFileType = sourcecode.c.objc; path = FourSquareObject.m; sourceTree = "<group>"; };
		2BFE8B9A1AF1794900E331AE /* ProjectFourSquareDataSource.h */ = {isa = PBXFileReference; fileEncoding = 4; lastKnownFileType = sourcecode.c.h; path = ProjectFourSquareDataSource.h; sourceTree = "<group>"; };
		2BFE8B9B1AF1794900E331AE /* ProjectFourSquareDataSource.m */ = {isa = PBXFileReference; fileEncoding = 4; lastKnownFileType = sourcecode.c.objc; path = ProjectFourSquareDataSource.m; sourceTree = "<group>"; };
		2BFE8B9D1AF1794900E331AE /* Venue.h */ = {isa = PBXFileReference; fileEncoding = 4; lastKnownFileType = sourcecode.c.h; path = Venue.h; sourceTree = "<group>"; };
		2BFE8B9E1AF1794900E331AE /* Venue.m */ = {isa = PBXFileReference; fileEncoding = 4; lastKnownFileType = sourcecode.c.objc; path = Venue.m; sourceTree = "<group>"; };
		2BFE8B9F1AF1794900E331AE /* VenueDataSource.h */ = {isa = PBXFileReference; fileEncoding = 4; lastKnownFileType = sourcecode.c.h; path = VenueDataSource.h; sourceTree = "<group>"; };
		2BFE8BA01AF1794900E331AE /* VenueDataSource.m */ = {isa = PBXFileReference; fileEncoding = 4; lastKnownFileType = sourcecode.c.objc; path = VenueDataSource.m; sourceTree = "<group>"; };
		2BFE8BA81AF19BB500E331AE /* Akadimias20.gpx */ = {isa = PBXFileReference; fileEncoding = 4; lastKnownFileType = text.xml; path = Akadimias20.gpx; sourceTree = "<group>"; };
/* End PBXFileReference section */

/* Begin PBXFrameworksBuildPhase section */
		2B545C791AF0243C00C4B864 /* Frameworks */ = {
			isa = PBXFrameworksBuildPhase;
			buildActionMask = 2147483647;
			files = (
				2B545CF51AF0331200C4B864 /* SystemConfiguration.framework in Frameworks */,
				2B545CF31AF0330E00C4B864 /* QuartzCore.framework in Frameworks */,
				2B545CF11AF0330600C4B864 /* OpenGLES.framework in Frameworks */,
				2B545CEF1AF032FF00C4B864 /* libz.dylib in Frameworks */,
				2B545CED1AF032F600C4B864 /* libicucore.dylib in Frameworks */,
				2B545CEB1AF032EC00C4B864 /* libc++.dylib in Frameworks */,
				2B545CE91AF032DC00C4B864 /* ImageIO.framework in Frameworks */,
				2B545CE71AF032D900C4B864 /* GLKit.framework in Frameworks */,
				2B545D0E1AF042BF00C4B864 /* GoogleMaps.framework in Frameworks */,
				2B545CE51AF032D000C4B864 /* CoreText.framework in Frameworks */,
				2B545CE31AF032C800C4B864 /* CoreData.framework in Frameworks */,
				2B545CE11AF032C400C4B864 /* AVFoundation.framework in Frameworks */,
				2B545CBD1AF0259000C4B864 /* CoreLocation.framework in Frameworks */,
			);
			runOnlyForDeploymentPostprocessing = 0;
		};
		2B545C921AF0243D00C4B864 /* Frameworks */ = {
			isa = PBXFrameworksBuildPhase;
			buildActionMask = 2147483647;
			files = (
			);
			runOnlyForDeploymentPostprocessing = 0;
		};
/* End PBXFrameworksBuildPhase section */

/* Begin PBXGroup section */
		2B4D805D1AF516AB00C8D791 /* VenueMiniInfoViewController */ = {
			isa = PBXGroup;
			children = (
				2B4D805E1AF516C800C8D791 /* VenueMiniInfoViewController.h */,
				2B4D805F1AF516C800C8D791 /* VenueMiniInfoViewController.m */,
				2B4D80601AF516C800C8D791 /* VenueMiniInfoViewController.xib */,
			);
			path = VenueMiniInfoViewController;
			sourceTree = "<group>";
		};
		2B545C731AF0243C00C4B864 = {
			isa = PBXGroup;
			children = (
				2BFE8BA61AF19B8D00E331AE /* GPXFiles */,
				2BFE8B861AF178ED00E331AE /* ThirdPartySoftware */,
				2B545D0C1AF042BF00C4B864 /* Frameworks */,
				2B545C7E1AF0243C00C4B864 /* SingleViewLocationApp */,
				2B545C981AF0243D00C4B864 /* SingleViewLocationAppTests */,
				2B545C7D1AF0243C00C4B864 /* Products */,
			);
			sourceTree = "<group>";
		};
		2B545C7D1AF0243C00C4B864 /* Products */ = {
			isa = PBXGroup;
			children = (
				2B545C7C1AF0243C00C4B864 /* SingleViewLocationApp.app */,
				2B545C951AF0243D00C4B864 /* SingleViewLocationAppTests.xctest */,
			);
			name = Products;
			sourceTree = "<group>";
		};
		2B545C7E1AF0243C00C4B864 /* SingleViewLocationApp */ = {
			isa = PBXGroup;
			children = (
				2B545CA81AF024FD00C4B864 /* Configuration */,
				2B545CA51AF024FD00C4B864 /* BaseClasses */,
				2B545CA61AF024FD00C4B864 /* Categories */,
				2B545CA71AF024FD00C4B864 /* Classes */,
				2B545CA91AF024FD00C4B864 /* Model */,
				2B545C831AF0243C00C4B864 /* AppDelegate.h */,
				2B545C841AF0243C00C4B864 /* AppDelegate.m */,
				2B545C8C1AF0243C00C4B864 /* Images.xcassets */,
				2B545C8E1AF0243C00C4B864 /* LaunchScreen.xib */,
				2B545C7F1AF0243C00C4B864 /* Supporting Files */,
			);
			path = SingleViewLocationApp;
			sourceTree = "<group>";
		};
		2B545C7F1AF0243C00C4B864 /* Supporting Files */ = {
			isa = PBXGroup;
			children = (
				2B545C801AF0243C00C4B864 /* Info.plist */,
				2B545C811AF0243C00C4B864 /* main.m */,
			);
			name = "Supporting Files";
			sourceTree = "<group>";
		};
		2B545C981AF0243D00C4B864 /* SingleViewLocationAppTests */ = {
			isa = PBXGroup;
			children = (
				2B545C9B1AF0243D00C4B864 /* SingleViewLocationAppTests.m */,
				2B545C991AF0243D00C4B864 /* Supporting Files */,
			);
			path = SingleViewLocationAppTests;
			sourceTree = "<group>";
		};
		2B545C991AF0243D00C4B864 /* Supporting Files */ = {
			isa = PBXGroup;
			children = (
				2B545C9A1AF0243D00C4B864 /* Info.plist */,
			);
			name = "Supporting Files";
			sourceTree = "<group>";
		};
		2B545CA51AF024FD00C4B864 /* BaseClasses */ = {
			isa = PBXGroup;
			children = (
				2B5E80D81AF3CC8F0060797A /* GraphicsProxy */,
				2B545CB41AF0256F00C4B864 /* ProjectViewController */,
				2B545CB11AF0256F00C4B864 /* ProjectNavigationController */,
				2B545CB01AF0256F00C4B864 /* ProjectLocationManager */,
				2B545CF61AF033D700C4B864 /* ProjectGoogleMapsManager */,
				2BFC39D71AF3F15D00B42369 /* ProjectAnnotationView */,
			);
			path = BaseClasses;
			sourceTree = "<group>";
		};
		2B545CA61AF024FD00C4B864 /* Categories */ = {
			isa = PBXGroup;
			children = (
				2B545D081AF03E8A00C4B864 /* NSObject */,
				2B545CD21AF026E800C4B864 /* UIApplication */,
				2B545CC71AF026C200C4B864 /* NSString */,
				2B545CCA1AF026C200C4B864 /* UIViewController */,
				2B5E80E01AF3D8C80060797A /* UIView */,
			);
			path = Categories;
			sourceTree = "<group>";
		};
		2B545CA71AF024FD00C4B864 /* Classes */ = {
			isa = PBXGroup;
			children = (
				2B545CD61AF0273E00C4B864 /* AllVenuesMapViewController */,
				2B4D805D1AF516AB00C8D791 /* VenueMiniInfoViewController */,
			);
			path = Classes;
			sourceTree = "<group>";
		};
		2B545CA81AF024FD00C4B864 /* Configuration */ = {
			isa = PBXGroup;
			children = (
				2B5E80D61AF3CAFD0060797A /* Colors.plist */,
				2B5E80DC1AF3CCB70060797A /* ProjectGraphicsProxy */,
				2B545CFE1AF034AE00C4B864 /* SingleViewLocationAppGoogleMapsManager */,
			);
			path = Configuration;
			sourceTree = "<group>";
		};
		2B545CA91AF024FD00C4B864 /* Model */ = {
			isa = PBXGroup;
			children = (
				2BFE8B961AF1794900E331AE /* FourSquareDataSource.h */,
				2BFE8B971AF1794900E331AE /* FourSquareDataSource.m */,
				2BFE8B981AF1794900E331AE /* FourSquareObject.h */,
				2BFE8B991AF1794900E331AE /* FourSquareObject.m */,
				2BFE8B9A1AF1794900E331AE /* ProjectFourSquareDataSource.h */,
				2BFE8B9B1AF1794900E331AE /* ProjectFourSquareDataSource.m */,
				2BFE8B9C1AF1794900E331AE /* Venue */,
				2B545D021AF035E300C4B864 /* GoogleMapsAPI */,
			);
			path = Model;
			sourceTree = "<group>";
		};
		2B545CB01AF0256F00C4B864 /* ProjectLocationManager */ = {
			isa = PBXGroup;
			children = (
				2B545CB91AF0257F00C4B864 /* ProjectLocationManager.h */,
				2B545CBA1AF0257F00C4B864 /* ProjectLocationManager.m */,
			);
			path = ProjectLocationManager;
			sourceTree = "<group>";
		};
		2B545CB11AF0256F00C4B864 /* ProjectNavigationController */ = {
			isa = PBXGroup;
			children = (
				2B545CB21AF0256F00C4B864 /* ProjectNavigationController.h */,
				2B545CB31AF0256F00C4B864 /* ProjectNavigationController.m */,
			);
			path = ProjectNavigationController;
			sourceTree = "<group>";
		};
		2B545CB41AF0256F00C4B864 /* ProjectViewController */ = {
			isa = PBXGroup;
			children = (
				2B545CB51AF0256F00C4B864 /* ProjectViewController.h */,
				2B545CB61AF0256F00C4B864 /* ProjectViewController.m */,
			);
			path = ProjectViewController;
			sourceTree = "<group>";
		};
		2B545CC71AF026C200C4B864 /* NSString */ = {
			isa = PBXGroup;
			children = (
				2B545CC81AF026C200C4B864 /* NSString+ProjectAdditions.h */,
				2B545CC91AF026C200C4B864 /* NSString+ProjectAdditions.m */,
				2B545CCF1AF026CE00C4B864 /* NSString+Translations.h */,
				2B545CD01AF026CE00C4B864 /* NSString+Translations.m */,
			);
			path = NSString;
			sourceTree = "<group>";
		};
		2B545CCA1AF026C200C4B864 /* UIViewController */ = {
			isa = PBXGroup;
			children = (
				2B545CCB1AF026C200C4B864 /* UIViewController+ProjectAdditions.h */,
				2B545CCC1AF026C200C4B864 /* UIViewController+ProjectAdditions.m */,
			);
			path = UIViewController;
			sourceTree = "<group>";
		};
		2B545CD21AF026E800C4B864 /* UIApplication */ = {
			isa = PBXGroup;
			children = (
				2B545CD31AF026F500C4B864 /* UIApplication+ProjectAdditions.h */,
				2B545CD41AF026F500C4B864 /* UIApplication+ProjectAdditions.m */,
			);
			path = UIApplication;
			sourceTree = "<group>";
		};
		2B545CD61AF0273E00C4B864 /* AllVenuesMapViewController */ = {
			isa = PBXGroup;
			children = (
				2B545CD71AF0275200C4B864 /* AllVenuesMapViewController.h */,
				2B545CD81AF0275200C4B864 /* AllVenuesMapViewController.m */,
				2B545CD91AF0275200C4B864 /* AllVenuesMapViewController.xib */,
				2BFC39D41AF3F12400B42369 /* VenueAnnotationView.h */,
				2BFC39D51AF3F12400B42369 /* VenueAnnotationView.m */,
				2BFC3A051AF3FF0200B42369 /* UserLocationAnnotationView.h */,
				2BFC3A061AF3FF0200B42369 /* UserLocationAnnotationView.m */,
			);
			path = AllVenuesMapViewController;
			sourceTree = "<group>";
		};
		2B545CF61AF033D700C4B864 /* ProjectGoogleMapsManager */ = {
			isa = PBXGroup;
			children = (
				2B545CF71AF033EE00C4B864 /* ProjectGoogleMapsManager.h */,
				2B545CF81AF033EE00C4B864 /* ProjectGoogleMapsManager.m */,
			);
			path = ProjectGoogleMapsManager;
			sourceTree = "<group>";
		};
		2B545CFE1AF034AE00C4B864 /* SingleViewLocationAppGoogleMapsManager */ = {
			isa = PBXGroup;
			children = (
				2B545CFF1AF034AE00C4B864 /* SingleViewLocationAppGoogleMapsManager.h */,
				2B545D001AF034AE00C4B864 /* SingleViewLocationAppGoogleMapsManager.m */,
			);
			path = SingleViewLocationAppGoogleMapsManager;
			sourceTree = "<group>";
		};
		2B545D021AF035E300C4B864 /* GoogleMapsAPI */ = {
			isa = PBXGroup;
			children = (
				2B545D031AF035E300C4B864 /* GoogleMapsProjectGeocoder.h */,
				2B545D041AF035E300C4B864 /* GoogleMapsProjectGeocoder.m */,
			);
			path = GoogleMapsAPI;
			sourceTree = "<group>";
		};
		2B545D081AF03E8A00C4B864 /* NSObject */ = {
			isa = PBXGroup;
			children = (
				2B545D091AF03EA000C4B864 /* NSObject+ProjectAdditions.h */,
				2B545D0A1AF03EA000C4B864 /* NSObject+ProjectAdditions.m */,
			);
			path = NSObject;
			sourceTree = "<group>";
		};
		2B545D0C1AF042BF00C4B864 /* Frameworks */ = {
			isa = PBXGroup;
			children = (
				2B545D0F1AF042E400C4B864 /* GoogleMaps.bundle */,
				2B545D0D1AF042BF00C4B864 /* GoogleMaps.framework */,
				2B545CF41AF0331200C4B864 /* SystemConfiguration.framework */,
				2B545CF21AF0330E00C4B864 /* QuartzCore.framework */,
				2B545CF01AF0330600C4B864 /* OpenGLES.framework */,
				2B545CE81AF032DC00C4B864 /* ImageIO.framework */,
				2B545CE61AF032D900C4B864 /* GLKit.framework */,
				2B545CE41AF032D000C4B864 /* CoreText.framework */,
				2B545CE21AF032C800C4B864 /* CoreData.framework */,
				2B545CE01AF032C400C4B864 /* AVFoundation.framework */,
				2B545CBC1AF0259000C4B864 /* CoreLocation.framework */,
				2B545CEE1AF032FF00C4B864 /* libz.dylib */,
				2B545CEC1AF032F600C4B864 /* libicucore.dylib */,
				2B545CEA1AF032EC00C4B864 /* libc++.dylib */,
			);
			path = Frameworks;
			sourceTree = "<group>";
		};
		2B5E80D81AF3CC8F0060797A /* GraphicsProxy */ = {
			isa = PBXGroup;
			children = (
				2B5E80D91AF3CC8F0060797A /* GraphicsProxy.h */,
				2B5E80DA1AF3CC8F0060797A /* GraphicsProxy.m */,
			);
			path = GraphicsProxy;
			sourceTree = "<group>";
		};
		2B5E80DC1AF3CCB70060797A /* ProjectGraphicsProxy */ = {
			isa = PBXGroup;
			children = (
				2B5E80DD1AF3CCC60060797A /* ProjectGraphicsProxy.h */,
				2B5E80DE1AF3CCC60060797A /* ProjectGraphicsProxy.m */,
			);
			path = ProjectGraphicsProxy;
			sourceTree = "<group>";
		};
		2B5E80E01AF3D8C80060797A /* UIView */ = {
			isa = PBXGroup;
			children = (
				2B5E80E11AF3D8E70060797A /* UIView+GraphicsProxy.h */,
				2B5E80E21AF3D8E70060797A /* UIView+GraphicsProxy.m */,
				2B45E81E1AF52EA600A21C98 /* UIView+ProjectAdditions.h */,
				2B45E81F1AF52EA600A21C98 /* UIView+ProjectAdditions.m */,
			);
			path = UIView;
			sourceTree = "<group>";
		};
		2BFC39D71AF3F15D00B42369 /* ProjectAnnotationView */ = {
			isa = PBXGroup;
			children = (
				2BFC39D81AF3F1AB00B42369 /* ProjectAnnotationView.h */,
				2BFC39D91AF3F1AB00B42369 /* ProjectAnnotationView.m */,
			);
			path = ProjectAnnotationView;
			sourceTree = "<group>";
		};
		2BFE8B861AF178ED00E331AE /* ThirdPartySoftware */ = {
			isa = PBXGroup;
			children = (
				2BFE8B8F1AF1792700E331AE /* BZFoursquare */,
			);
			path = ThirdPartySoftware;
			sourceTree = "<group>";
		};
		2BFE8B8F1AF1792700E331AE /* BZFoursquare */ = {
			isa = PBXGroup;
			children = (
				2BFE8B901AF1792700E331AE /* BZFoursquare.h */,
				2BFE8B911AF1792700E331AE /* BZFoursquare.m */,
				2BFE8B921AF1792700E331AE /* BZFoursquareRequest.h */,
				2BFE8B931AF1792700E331AE /* BZFoursquareRequest.m */,
			);
			name = BZFoursquare;
			path = "Submodules/foursquare-ios-api/BZFoursquare";
			sourceTree = SOURCE_ROOT;
		};
		2BFE8B9C1AF1794900E331AE /* Venue */ = {
			isa = PBXGroup;
			children = (
				2BFE8B9D1AF1794900E331AE /* Venue.h */,
				2BFE8B9E1AF1794900E331AE /* Venue.m */,
				2BFE8B9F1AF1794900E331AE /* VenueDataSource.h */,
				2BFE8BA01AF1794900E331AE /* VenueDataSource.m */,
			);
			path = Venue;
			sourceTree = "<group>";
		};
		2BFE8BA61AF19B8D00E331AE /* GPXFiles */ = {
			isa = PBXGroup;
			children = (
				2BFE8BA81AF19BB500E331AE /* Akadimias20.gpx */,
			);
			path = GPXFiles;
			sourceTree = "<group>";
		};
/* End PBXGroup section */

/* Begin PBXNativeTarget section */
		2B545C7B1AF0243C00C4B864 /* SingleViewLocationApp */ = {
			isa = PBXNativeTarget;
			buildConfigurationList = 2B545C9F1AF0243D00C4B864 /* Build configuration list for PBXNativeTarget "SingleViewLocationApp" */;
			buildPhases = (
				2B545C781AF0243C00C4B864 /* Sources */,
				2B545C791AF0243C00C4B864 /* Frameworks */,
				2B545C7A1AF0243C00C4B864 /* Resources */,
			);
			buildRules = (
			);
			dependencies = (
			);
			name = SingleViewLocationApp;
			productName = SingleViewLocationApp;
			productReference = 2B545C7C1AF0243C00C4B864 /* SingleViewLocationApp.app */;
			productType = "com.apple.product-type.application";
		};
		2B545C941AF0243D00C4B864 /* SingleViewLocationAppTests */ = {
			isa = PBXNativeTarget;
			buildConfigurationList = 2B545CA21AF0243D00C4B864 /* Build configuration list for PBXNativeTarget "SingleViewLocationAppTests" */;
			buildPhases = (
				2B545C911AF0243D00C4B864 /* Sources */,
				2B545C921AF0243D00C4B864 /* Frameworks */,
				2B545C931AF0243D00C4B864 /* Resources */,
			);
			buildRules = (
			);
			dependencies = (
				2B545C971AF0243D00C4B864 /* PBXTargetDependency */,
			);
			name = SingleViewLocationAppTests;
			productName = SingleViewLocationAppTests;
			productReference = 2B545C951AF0243D00C4B864 /* SingleViewLocationAppTests.xctest */;
			productType = "com.apple.product-type.bundle.unit-test";
		};
/* End PBXNativeTarget section */

/* Begin PBXProject section */
		2B545C741AF0243C00C4B864 /* Project object */ = {
			isa = PBXProject;
			attributes = {
				LastUpgradeCheck = 0610;
				ORGANIZATIONNAME = GA;
				TargetAttributes = {
					2B545C7B1AF0243C00C4B864 = {
						CreatedOnToolsVersion = 6.1.1;
					};
					2B545C941AF0243D00C4B864 = {
						CreatedOnToolsVersion = 6.1.1;
						TestTargetID = 2B545C7B1AF0243C00C4B864;
					};
				};
			};
			buildConfigurationList = 2B545C771AF0243C00C4B864 /* Build configuration list for PBXProject "SingleViewLocationApp" */;
			compatibilityVersion = "Xcode 3.2";
			developmentRegion = English;
			hasScannedForEncodings = 0;
			knownRegions = (
				en,
				Base,
			);
			mainGroup = 2B545C731AF0243C00C4B864;
			productRefGroup = 2B545C7D1AF0243C00C4B864 /* Products */;
			projectDirPath = "";
			projectRoot = "";
			targets = (
				2B545C7B1AF0243C00C4B864 /* SingleViewLocationApp */,
				2B545C941AF0243D00C4B864 /* SingleViewLocationAppTests */,
			);
		};
/* End PBXProject section */

/* Begin PBXResourcesBuildPhase section */
		2B545C7A1AF0243C00C4B864 /* Resources */ = {
			isa = PBXResourcesBuildPhase;
			buildActionMask = 2147483647;
			files = (
				2B5E80D71AF3CAFD0060797A /* Colors.plist in Resources */,
				2B545C901AF0243C00C4B864 /* LaunchScreen.xib in Resources */,
				2B545CDB1AF0275200C4B864 /* AllVenuesMapViewController.xib in Resources */,
				2BFE8BA91AF19BB500E331AE /* Akadimias20.gpx in Resources */,
				2B545C8D1AF0243C00C4B864 /* Images.xcassets in Resources */,
				2B4D80621AF516C800C8D791 /* VenueMiniInfoViewController.xib in Resources */,
				2B545D101AF042E400C4B864 /* GoogleMaps.bundle in Resources */,
			);
			runOnlyForDeploymentPostprocessing = 0;
		};
		2B545C931AF0243D00C4B864 /* Resources */ = {
			isa = PBXResourcesBuildPhase;
			buildActionMask = 2147483647;
			files = (
			);
			runOnlyForDeploymentPostprocessing = 0;
		};
/* End PBXResourcesBuildPhase section */

/* Begin PBXSourcesBuildPhase section */
		2B545C781AF0243C00C4B864 /* Sources */ = {
			isa = PBXSourcesBuildPhase;
			buildActionMask = 2147483647;
			files = (
				2B45E8201AF52EA700A21C98 /* UIView+ProjectAdditions.m in Sources */,
				2B545CB81AF0256F00C4B864 /* ProjectViewController.m in Sources */,
				2BFE8BA31AF1794900E331AE /* ProjectFourSquareDataSource.m in Sources */,
				2BFE8BA11AF1794900E331AE /* FourSquareDataSource.m in Sources */,
				2BFC3A071AF3FF0200B42369 /* UserLocationAnnotationView.m in Sources */,
				2B545C851AF0243C00C4B864 /* AppDelegate.m in Sources */,
				2BFE8B951AF1792700E331AE /* BZFoursquareRequest.m in Sources */,
				2B545CD51AF026F500C4B864 /* UIApplication+ProjectAdditions.m in Sources */,
				2B545CDA1AF0275200C4B864 /* AllVenuesMapViewController.m in Sources */,
				2B545CB71AF0256F00C4B864 /* ProjectNavigationController.m in Sources */,
				2B5E80E31AF3D8E70060797A /* UIView+GraphicsProxy.m in Sources */,
				2BFE8BA21AF1794900E331AE /* FourSquareObject.m in Sources */,
				2B545D051AF035E300C4B864 /* GoogleMapsProjectGeocoder.m in Sources */,
				2BFE8BA51AF1794900E331AE /* VenueDataSource.m in Sources */,
				2B545C821AF0243C00C4B864 /* main.m in Sources */,
				2B5E80DF1AF3CCC60060797A /* ProjectGraphicsProxy.m in Sources */,
				2B4D80611AF516C800C8D791 /* VenueMiniInfoViewController.m in Sources */,
				2B545CCE1AF026C200C4B864 /* UIViewController+ProjectAdditions.m in Sources */,
				2BFC39DA1AF3F1AB00B42369 /* ProjectAnnotationView.m in Sources */,
				2B545CBB1AF0257F00C4B864 /* ProjectLocationManager.m in Sources */,
				2BFE8BA41AF1794900E331AE /* Venue.m in Sources */,
				2B545D0B1AF03EA000C4B864 /* NSObject+ProjectAdditions.m in Sources */,
				2B545CCD1AF026C200C4B864 /* NSString+ProjectAdditions.m in Sources */,
				2B545CF91AF033EE00C4B864 /* ProjectGoogleMapsManager.m in Sources */,
				2B545CD11AF026CE00C4B864 /* NSString+Translations.m in Sources */,
				2BFE8B941AF1792700E331AE /* BZFoursquare.m in Sources */,
				2B545D011AF034AE00C4B864 /* SingleViewLocationAppGoogleMapsManager.m in Sources */,
				2BFC39D61AF3F12400B42369 /* VenueAnnotationView.m in Sources */,
				2B5E80DB1AF3CC8F0060797A /* GraphicsProxy.m in Sources */,
			);
			runOnlyForDeploymentPostprocessing = 0;
		};
		2B545C911AF0243D00C4B864 /* Sources */ = {
			isa = PBXSourcesBuildPhase;
			buildActionMask = 2147483647;
			files = (
				2B545C9C1AF0243D00C4B864 /* SingleViewLocationAppTests.m in Sources */,
			);
			runOnlyForDeploymentPostprocessing = 0;
		};
/* End PBXSourcesBuildPhase section */

/* Begin PBXTargetDependency section */
		2B545C971AF0243D00C4B864 /* PBXTargetDependency */ = {
			isa = PBXTargetDependency;
			target = 2B545C7B1AF0243C00C4B864 /* SingleViewLocationApp */;
			targetProxy = 2B545C961AF0243D00C4B864 /* PBXContainerItemProxy */;
		};
/* End PBXTargetDependency section */

/* Begin PBXVariantGroup section */
		2B545C8E1AF0243C00C4B864 /* LaunchScreen.xib */ = {
			isa = PBXVariantGroup;
			children = (
				2B545C8F1AF0243C00C4B864 /* Base */,
			);
			name = LaunchScreen.xib;
			sourceTree = "<group>";
		};
/* End PBXVariantGroup section */

/* Begin XCBuildConfiguration section */
		2B545C9D1AF0243D00C4B864 /* Debug */ = {
			isa = XCBuildConfiguration;
			buildSettings = {
				ALWAYS_SEARCH_USER_PATHS = NO;
				CLANG_CXX_LANGUAGE_STANDARD = "gnu++0x";
				CLANG_CXX_LIBRARY = "libc++";
				CLANG_ENABLE_MODULES = YES;
				CLANG_ENABLE_OBJC_ARC = YES;
				CLANG_WARN_BOOL_CONVERSION = YES;
				CLANG_WARN_CONSTANT_CONVERSION = YES;
				CLANG_WARN_DIRECT_OBJC_ISA_USAGE = YES_ERROR;
				CLANG_WARN_EMPTY_BODY = YES;
				CLANG_WARN_ENUM_CONVERSION = YES;
				CLANG_WARN_INT_CONVERSION = YES;
				CLANG_WARN_OBJC_ROOT_CLASS = YES_ERROR;
				CLANG_WARN_UNREACHABLE_CODE = YES;
				CLANG_WARN__DUPLICATE_METHOD_MATCH = YES;
				"CODE_SIGN_IDENTITY[sdk=iphoneos*]" = "iPhone Developer";
				COPY_PHASE_STRIP = NO;
				ENABLE_STRICT_OBJC_MSGSEND = YES;
				GCC_C_LANGUAGE_STANDARD = gnu99;
				GCC_DYNAMIC_NO_PIC = NO;
				GCC_OPTIMIZATION_LEVEL = 0;
				GCC_PREPROCESSOR_DEFINITIONS = (
					"DEBUG=1",
					"$(inherited)",
				);
				GCC_SYMBOLS_PRIVATE_EXTERN = NO;
				GCC_WARN_64_TO_32_BIT_CONVERSION = YES;
				GCC_WARN_ABOUT_RETURN_TYPE = YES_ERROR;
				GCC_WARN_UNDECLARED_SELECTOR = YES;
				GCC_WARN_UNINITIALIZED_AUTOS = YES_AGGRESSIVE;
				GCC_WARN_UNUSED_FUNCTION = YES;
				GCC_WARN_UNUSED_VARIABLE = YES;
				IPHONEOS_DEPLOYMENT_TARGET = 8.1;
				MTL_ENABLE_DEBUG_INFO = YES;
				ONLY_ACTIVE_ARCH = YES;
				SDKROOT = iphoneos;
			};
			name = Debug;
		};
		2B545C9E1AF0243D00C4B864 /* Release */ = {
			isa = XCBuildConfiguration;
			buildSettings = {
				ALWAYS_SEARCH_USER_PATHS = NO;
				CLANG_CXX_LANGUAGE_STANDARD = "gnu++0x";
				CLANG_CXX_LIBRARY = "libc++";
				CLANG_ENABLE_MODULES = YES;
				CLANG_ENABLE_OBJC_ARC = YES;
				CLANG_WARN_BOOL_CONVERSION = YES;
				CLANG_WARN_CONSTANT_CONVERSION = YES;
				CLANG_WARN_DIRECT_OBJC_ISA_USAGE = YES_ERROR;
				CLANG_WARN_EMPTY_BODY = YES;
				CLANG_WARN_ENUM_CONVERSION = YES;
				CLANG_WARN_INT_CONVERSION = YES;
				CLANG_WARN_OBJC_ROOT_CLASS = YES_ERROR;
				CLANG_WARN_UNREACHABLE_CODE = YES;
				CLANG_WARN__DUPLICATE_METHOD_MATCH = YES;
				"CODE_SIGN_IDENTITY[sdk=iphoneos*]" = "iPhone Developer";
				COPY_PHASE_STRIP = YES;
				ENABLE_NS_ASSERTIONS = NO;
				ENABLE_STRICT_OBJC_MSGSEND = YES;
				GCC_C_LANGUAGE_STANDARD = gnu99;
				GCC_WARN_64_TO_32_BIT_CONVERSION = YES;
				GCC_WARN_ABOUT_RETURN_TYPE = YES_ERROR;
				GCC_WARN_UNDECLARED_SELECTOR = YES;
				GCC_WARN_UNINITIALIZED_AUTOS = YES_AGGRESSIVE;
				GCC_WARN_UNUSED_FUNCTION = YES;
				GCC_WARN_UNUSED_VARIABLE = YES;
				IPHONEOS_DEPLOYMENT_TARGET = 8.1;
				MTL_ENABLE_DEBUG_INFO = NO;
				SDKROOT = iphoneos;
				VALIDATE_PRODUCT = YES;
			};
			name = Release;
		};
		2B545CA01AF0243D00C4B864 /* Debug */ = {
			isa = XCBuildConfiguration;
			buildSettings = {
				ASSETCATALOG_COMPILER_APPICON_NAME = AppIcon;
				FRAMEWORK_SEARCH_PATHS = (
					"$(inherited)",
					/Users/giorgath/iOS_Development/SingleViewLocationapp/Frameworks,
					"$(PROJECT_DIR)/Frameworks",
				);
				INFOPLIST_FILE = SingleViewLocationApp/Info.plist;
				LD_RUNPATH_SEARCH_PATHS = "$(inherited) @executable_path/Frameworks";
				OTHER_LDFLAGS = "-ObjC";
				PRODUCT_NAME = "$(TARGET_NAME)";
			};
			name = Debug;
		};
		2B545CA11AF0243D00C4B864 /* Release */ = {
			isa = XCBuildConfiguration;
			buildSettings = {
				ASSETCATALOG_COMPILER_APPICON_NAME = AppIcon;
				FRAMEWORK_SEARCH_PATHS = (
					"$(inherited)",
					/Users/giorgath/iOS_Development/SingleViewLocationapp/Frameworks,
					"$(PROJECT_DIR)/Frameworks",
				);
				INFOPLIST_FILE = SingleViewLocationApp/Info.plist;
				LD_RUNPATH_SEARCH_PATHS = "$(inherited) @executable_path/Frameworks";
				OTHER_LDFLAGS = "-ObjC";
				PRODUCT_NAME = "$(TARGET_NAME)";
			};
			name = Release;
		};
		2B545CA31AF0243D00C4B864 /* Debug */ = {
			isa = XCBuildConfiguration;
			buildSettings = {
				BUNDLE_LOADER = "$(TEST_HOST)";
				FRAMEWORK_SEARCH_PATHS = (
					"$(SDKROOT)/Developer/Library/Frameworks",
					"$(inherited)",
				);
				GCC_PREPROCESSOR_DEFINITIONS = (
					"DEBUG=1",
					"$(inherited)",
				);
				INFOPLIST_FILE = SingleViewLocationAppTests/Info.plist;
				LD_RUNPATH_SEARCH_PATHS = "$(inherited) @executable_path/Frameworks @loader_path/Frameworks";
				PRODUCT_NAME = "$(TARGET_NAME)";
				TEST_HOST = "$(BUILT_PRODUCTS_DIR)/SingleViewLocationApp.app/SingleViewLocationApp";
			};
			name = Debug;
		};
		2B545CA41AF0243D00C4B864 /* Release */ = {
			isa = XCBuildConfiguration;
			buildSettings = {
				BUNDLE_LOADER = "$(TEST_HOST)";
				FRAMEWORK_SEARCH_PATHS = (
					"$(SDKROOT)/Developer/Library/Frameworks",
					"$(inherited)",
				);
				INFOPLIST_FILE = SingleViewLocationAppTests/Info.plist;
				LD_RUNPATH_SEARCH_PATHS = "$(inherited) @executable_path/Frameworks @loader_path/Frameworks";
				PRODUCT_NAME = "$(TARGET_NAME)";
				TEST_HOST = "$(BUILT_PRODUCTS_DIR)/SingleViewLocationApp.app/SingleViewLocationApp";
			};
			name = Release;
		};
/* End XCBuildConfiguration section */

/* Begin XCConfigurationList section */
		2B545C771AF0243C00C4B864 /* Build configuration list for PBXProject "SingleViewLocationApp" */ = {
			isa = XCConfigurationList;
			buildConfigurations = (
				2B545C9D1AF0243D00C4B864 /* Debug */,
				2B545C9E1AF0243D00C4B864 /* Release */,
			);
			defaultConfigurationIsVisible = 0;
			defaultConfigurationName = Release;
		};
		2B545C9F1AF0243D00C4B864 /* Build configuration list for PBXNativeTarget "SingleViewLocationApp" */ = {
			isa = XCConfigurationList;
			buildConfigurations = (
				2B545CA01AF0243D00C4B864 /* Debug */,
				2B545CA11AF0243D00C4B864 /* Release */,
			);
			defaultConfigurationIsVisible = 0;
			defaultConfigurationName = Release;
		};
		2B545CA21AF0243D00C4B864 /* Build configuration list for PBXNativeTarget "SingleViewLocationAppTests" */ = {
			isa = XCConfigurationList;
			buildConfigurations = (
				2B545CA31AF0243D00C4B864 /* Debug */,
				2B545CA41AF0243D00C4B864 /* Release */,
			);
			defaultConfigurationIsVisible = 0;
			defaultConfigurationName = Release;
		};
/* End XCConfigurationList section */
	};
	rootObject = 2B545C741AF0243C00C4B864 /* Project object */;
}
